
Microsoft Visual Studio Solution File, Format Version 12.00
# Visual Studio 15
VisualStudioVersion = 15.0.27130.2026
MinimumVisualStudioVersion = 10.0.40219.1
Project("{FAE04EC0-301F-11D3-BF4B-00C04F79EFBC}") = "SS.Login", "SS.Login.csproj", "{AFE59F66-7C0A-4451-8E0D-D9C235DB37C3}"
EndProject
Project("{FAE04EC0-301F-11D3-BF4B-00C04F79EFBC}") = "SiteServer.API", "..\..\..\SiteServer.API.csproj", "{69C00F60-F28A-4CBC-B1A4-2DB73BB97471}"
EndProject
Global
	GlobalSection(SolutionConfigurationPlatforms) = preSolution
		Debug|Any CPU = Debug|Any CPU
		Release|Any CPU = Release|Any CPU
	EndGlobalSection
	GlobalSection(ProjectConfigurationPlatforms) = postSolution
		{AFE59F66-7C0A-4451-8E0D-D9C235DB37C3}.Debug|Any CPU.ActiveCfg = Debug|Any CPU
		{AFE59F66-7C0A-4451-8E0D-D9C235DB37C3}.Debug|Any CPU.Build.0 = Debug|Any CPU
		{AFE59F66-7C0A-4451-8E0D-D9C235DB37C3}.Release|Any CPU.ActiveCfg = Release|Any CPU
		{AFE59F66-7C0A-4451-8E0D-D9C235DB37C3}.Release|Any CPU.Build.0 = Release|Any CPU
		{69C00F60-F28A-4CBC-B1A4-2DB73BB97471}.Debug|Any CPU.ActiveCfg = Debug|Any CPU
		{69C00F60-F28A-4CBC-B1A4-2DB73BB97471}.Debug|Any CPU.Build.0 = Debug|Any CPU
		{69C00F60-F28A-4CBC-B1A4-2DB73BB97471}.Release|Any CPU.ActiveCfg = Release|Any CPU
		{69C00F60-F28A-4CBC-B1A4-2DB73BB97471}.Release|Any CPU.Build.0 = Release|Any CPU
	EndGlobalSection
	GlobalSection(SolutionProperties) = preSolution
		HideSolutionNode = FALSE
	EndGlobalSection
	GlobalSection(ExtensibilityGlobals) = postSolution
		SolutionGuid = {BAB0AA7F-0F1D-4D20-B26B-5FF6E06CFD5A}
	EndGlobalSection
EndGlobal
